{
  "version": 4,
  "terraform_version": "1.16.2",
  "serial": 7,
  "lineage": "6608d269-99e1-455b-4e86-ca4a169568e2",
  "outputs": {
    "dynamodb_table_name": {
      "value": "ai-doctor-assistant-dev-terraform-locks",
      "type": "string"
    },
    "image_tag": {
      "value": "269a",
      "type": "string"
    }
  },
  "resources": [
    {
      "mode": "data",
      "type": "aws_caller_identity",
      "name": "current",
      "provider": "provider[\"registry.terraform.io/hashicorp/aws\"]",
      "instances": [
        {
          "schema_version": 0,
          "attributes": {
            "account_id": "456097556049",
            "arn": "arn:aws:iam::456097556049:user/ai-engineer",
            "id": "456097556049",
            "user_id": "AIDAWUMMIMZI6CEZIA65N"
          },
          "sensitive_attributes": [],
          "identity_schema_version": 0
        }
      ]
    },
    {
      "mode": "managed",
      "type": "null_resource",
      "name": "build_and_push_app_image",
      "provider": "provider[\"registry.terraform.io/hashicorp/null\"]",
      "instances": [
        {
          "status": "tainted",
          "schema_version": 0,
          "attributes": {
            "id": "1906327898961367871",
            "triggers": {
              "dockerfile_hash": "+CshU7iArEpbm9oVhMnDcPMFGom7EMw5LYzicfrSRV8="
            }
          },
          "sensitive_attributes": [],
          "identity_schema_version": 0,
          "dependencies": [
            "data.aws_caller_identity.current",
            "random_id.app_rand_tag"
          ]
        }
      ]
    },
    {
      "mode": "managed",
      "type": "random_id",
      "name": "app_rand_tag",
      "provider": "provider[\"registry.terraform.io/hashicorp/random\"]",
      "instances": [
        {
          "schema_version": 0,
          "attributes": {
            "b64_std": "Jpo=",
            "b64_url": "Jpo",
            "byte_length": 2,
            "dec": "9882",
            "hex": "269a",
            "id": "Jpo",
            "keepers": {
              "app_img_hash": "+CshU7iArEpbm9oVhMnDcPMFGom7EMw5LYzicfrSRV8="
            },
            "prefix": null
          },
          "sensitive_attributes": [],
          "identity_schema_version": 0
        }
      ]
    }
  ],
  "check_results": [
    {
      "object_kind": "var",
      "config_addr": "var.project_name",
      "status": "pass",
      "objects": [
        {
          "object_addr": "var.project_name",
          "status": "pass"
        }
      ]
    },
    {
      "object_kind": "var",
      "config_addr": "var.ecr_repository_name",
      "status": "pass",
      "objects": [
        {
          "object_addr": "var.ecr_repository_name",
          "status": "pass"
        }
      ]
    },
    {
      "object_kind": "var",
      "config_addr": "var.environment",
      "status": "pass",
      "objects": [
        {
          "object_addr": "var.environment",
          "status": "pass"
        }
      ]
    }
  ]
}
